
Microsoft Visual Studio Solution File, Format Version 12.00
# Visual Studio Version 17
VisualStudioVersion = 17.14.36327.8
MinimumVisualStudioVersion = 10.0.40219.1
Project("{FAE04EC0-301F-11D3-BF4B-00C04F79EFBC}") = "Kamsoft.Job", "Kamsoft.Job\Kamsoft.Job.csproj", "{9090289B-EAE6-4192-A939-C12E3E626CA5}"
EndProject
Global
	GlobalSection(SolutionConfigurationPlatforms) = preSolution
		Debug|Any CPU = Debug|Any CPU
		Release|Any CPU = Release|Any CPU
	EndGlobalSection
	GlobalSection(ProjectConfigurationPlatforms) = postSolution
		{9090289B-EAE6-4192-A939-C12E3E626CA5}.Debug|Any CPU.ActiveCfg = Debug|Any CPU
		{9090289B-EAE6-4192-A939-C12E3E626CA5}.Debug|Any CPU.Build.0 = Debug|Any CPU
		{9090289B-EAE6-4192-A939-C12E3E626CA5}.Release|Any CPU.ActiveCfg = Release|Any CPU
		{9090289B-EAE6-4192-A939-C12E3E626CA5}.Release|Any CPU.Build.0 = Release|Any CPU
	EndGlobalSection
	GlobalSection(SolutionProperties) = preSolution
		HideSolutionNode = FALSE
	EndGlobalSection
	GlobalSection(ExtensibilityGlobals) = postSolution
		SolutionGuid = {5AF13703-B790-4762-959C-CB79440FD47B}
	EndGlobalSection
EndGlobal
